# This file is autogenerated, do not edit; changes may be undone by the next 'dep ensure'.


[[projects]]
  branch = "master"
  name = "github.com/jwoos/go_checkers"
  packages = ["."]
  revision = "0e8ea4433e40d5590bdfcfdbfa51d9a86a6b3aad"

[solve-meta]
  analyzer-name = "dep"
  analyzer-version = 1
  inputs-digest = "14cbaebd53d4f92282bfc9d69325dba67203578296dab4740cb23e8fcf5a506f"
  solver-name = "gps-cdcl"
  solver-version = 1
