# This file is autogenerated, do not edit; changes may be undone by the next 'dep ensure'.


[[projects]]
  branch = "master"
  name = "github.com/akavel/rsrc"
  packages = [
    "binutil",
    "coff",
    "ico",
    "internal",
    "rsrc"
  ]
  revision = "f6a15ece2cfd2560077c556499f19340ddc768e9"

[[projects]]
  branch = "master"
  name = "github.com/asticode/go-astilectron"
  packages = ["."]
  revision = "dadc8983d828a6a8da4e97f254a4d4585b7ec148"

[[projects]]
  name = "github.com/asticode/go-astilectron-bootstrap"
  packages = ["."]
  revision = "e777aa2beef481bd163363b7b9d2165f01b89817"

[[projects]]
  branch = "master"
  name = "github.com/asticode/go-astilectron-bundler"
  packages = ["."]
  revision = "ed12a73c6d04ca07167baef2a7a3ced7a9225954"

[[projects]]
  branch = "master"
  name = "github.com/asticode/go-astilog"
  packages = ["."]
  revision = "48409865148a0f397641b786ff35158bba19c48f"

[[projects]]
  branch = "master"
  name = "github.com/asticode/go-astitools"
  packages = [
    "archive",
    "context",
    "exec",
    "http",
    "io",
    "os",
    "ptr",
    "regexp",
    "url"
  ]
  revision = "703905c0a93e64daf1742aec1f82b5ea103ff177"

[[projects]]
  branch = "master"
  name = "github.com/asticode/go-bindata"
  packages = ["."]
  revision = "a0ff2567cfb70903282db057e799fd826784d41d"

[[projects]]
  name = "github.com/julienschmidt/httprouter"
  packages = ["."]
  revision = "8c199fb6259ffc1af525cc3ad52ee60ba8359669"
  version = "v1.1"

[[projects]]
  branch = "master"
  name = "github.com/jwoos/go_checkers"
  packages = ["engine"]
  revision = "c25e649ad33aebdd3af6a469efd74961044ed070"

[[projects]]
  name = "github.com/mattn/go-colorable"
  packages = ["."]
  revision = "167de6bfdfba052fa6b2d3664c8f5272e23c9072"
  version = "v0.0.9"

[[projects]]
  name = "github.com/mattn/go-isatty"
  packages = ["."]
  revision = "0360b2af4f38e8d38c7fce2a9f4e702702d73a39"
  version = "v0.0.3"

[[projects]]
  name = "github.com/pkg/errors"
  packages = ["."]
  revision = "645ef00459ed84a119197bfb8d8205042c6df63d"
  version = "v0.8.0"

[[projects]]
  name = "github.com/sirupsen/logrus"
  packages = ["."]
  revision = "c155da19408a8799da419ed3eeb0cb5db0ad5dbc"
  version = "v1.0.5"

[[projects]]
  branch = "master"
  name = "golang.org/x/crypto"
  packages = ["ssh/terminal"]
  revision = "1a580b3eff7814fc9b40602fd35256c63b50f491"

[[projects]]
  branch = "master"
  name = "golang.org/x/sys"
  packages = [
    "unix",
    "windows"
  ]
  revision = "7c87d13f8e835d2fb3a70a2912c811ed0c1d241b"

[solve-meta]
  analyzer-name = "dep"
  analyzer-version = 1
  inputs-digest = "3659cd1d1270a835bf936610e24b42e98fd2ae3e66c66c6618923ab5f063dd8b"
  solver-name = "gps-cdcl"
  solver-version = 1
